	<Project xmlns="http://schemas.microsoft.com/developer/msbuild/2003">
		<PropertyGroup>
			<ProjectGuid>{3140A9FF-987A-43EA-A59D-55EA73BDF6EE}</ProjectGuid>
			<ProjectVersion>13.4</ProjectVersion>
			<FrameworkType>VCL</FrameworkType>
			<MainSource>my_Delphi_Diary_v1_0.dpr</MainSource>
			<Base>True</Base>
			<Config Condition="'$(Config)'==''">Debug</Config>
			<Platform Condition="'$(Platform)'==''">Win32</Platform>
			<TargetedPlatforms>1</TargetedPlatforms>
			<AppType>Application</AppType>
		</PropertyGroup>
		<PropertyGroup Condition="'$(Config)'=='Base' or '$(Base)'!=''">
			<Base>true</Base>
		</PropertyGroup>
		<PropertyGroup Condition="('$(Platform)'=='Win64' and '$(Base)'=='true') or '$(Base_Win64)'!=''">
			<Base_Win64>true</Base_Win64>
			<CfgParent>Base</CfgParent>
			<Base>true</Base>
		</PropertyGroup>
		<PropertyGroup Condition="('$(Platform)'=='Win32' and '$(Base)'=='true') or '$(Base_Win32)'!=''">
			<Base_Win32>true</Base_Win32>
			<CfgParent>Base</CfgParent>
			<Base>true</Base>
		</PropertyGroup>
		<PropertyGroup Condition="'$(Config)'=='Debug' or '$(Cfg_1)'!=''">
			<Cfg_1>true</Cfg_1>
			<CfgParent>Base</CfgParent>
			<Base>true</Base>
		</PropertyGroup>
		<PropertyGroup Condition="('$(Platform)'=='Win32' and '$(Cfg_1)'=='true') or '$(Cfg_1_Win32)'!=''">
			<Cfg_1_Win32>true</Cfg_1_Win32>
			<CfgParent>Cfg_1</CfgParent>
			<Cfg_1>true</Cfg_1>
			<Base>true</Base>
		</PropertyGroup>
		<PropertyGroup Condition="'$(Config)'=='Release' or '$(Cfg_2)'!=''">
			<Cfg_2>true</Cfg_2>
			<CfgParent>Base</CfgParent>
			<Base>true</Base>
		</PropertyGroup>
		<PropertyGroup Condition="'$(Base)'!=''">
			<DCC_UsePackage>bindcompfmx;fmx;rtl;dbrtl;IndySystem;DbxClientDriver;bindcomp;inetdb;DBXInterBaseDriver;DataSnapCommon;DataSnapClient;DataSnapServer;DataSnapProviderClient;xmlrtl;ibxpress;DbxCommonDriver;IndyProtocols;DBXMySQLDriver;dbxcds;bindengine;FMXTee;soaprtl;DBXOracleDriver;dsnap;DBXInformixDriver;IndyCore;fmxase;CloudService;FmxTeeUI;DBXFirebirdDriver;inet;fmxobj;inetdbxpress;DBXSybaseASADriver;fmxdae;dbexpress;DataSnapIndy10ServerTransport;IPIndyImpl;$(DCC_UsePackage)</DCC_UsePackage>
			<Icon_MainIcon>$(BDS)\bin\delphi_PROJECTICON.ico</Icon_MainIcon>
			<DCC_Namespace>System;Xml;Data;Datasnap;Web;Soap;Vcl;Vcl.Imaging;Vcl.Touch;Vcl.Samples;Vcl.Shell;$(DCC_Namespace)</DCC_Namespace>
			<DCC_DcuOutput>.\$(Platform)\$(Config)</DCC_DcuOutput>
			<DCC_ExeOutput>.\$(Platform)\$(Config)</DCC_ExeOutput>
			<DCC_E>false</DCC_E>
			<DCC_N>false</DCC_N>
			<DCC_S>false</DCC_S>
			<DCC_F>false</DCC_F>
			<DCC_K>false</DCC_K>
		</PropertyGroup>
		<PropertyGroup Condition="'$(Base_Win64)'!=''">
			<DCC_UsePackage>TeeDB;vclib;Tee;DBXOdbcDriver;DBXSybaseASEDriver;vclimg;TeeUI;vclactnband;vcldb;vcldsnap;bindcompvcl;vclie;vcltouch;DBXDb2Driver;websnap;vclribbon;VclSmp;vcl;DataSnapConnectors;DBXMSSQLDriver;dsnapcon;vclx;webdsnap;adortl;$(DCC_UsePackage)</DCC_UsePackage>
		</PropertyGroup>
		<PropertyGroup Condition="'$(Base_Win32)'!=''">
			<DCC_UsePackage>vcldbx;frx16;TeeDB;Rave100VCL;vclib;Tee;inetdbbde;DBXOdbcDriver;svnui;DBXSybaseASEDriver;vclimg;frxDB16;intrawebdb_120_160;fmi;fs16;TeeUI;vclactnband;vcldb;vcldsnap;bindcompvcl;vclie;vcltouch;Intraweb_120_160;DBXDb2Driver;websnap;vclribbon;frxe16;VclSmp;fsDB16;vcl;DataSnapConnectors;DBXMSSQLDriver;CodeSiteExpressPkg;dsnapcon;vclx;webdsnap;svn;bdertl;adortl;$(DCC_UsePackage)</DCC_UsePackage>
			<VerInfo_IncludeVerInfo>true</VerInfo_IncludeVerInfo>
			<DCC_Namespace>Winapi;System.Win;Data.Win;Datasnap.Win;Web.Win;Soap.Win;Xml.Win;Bde;$(DCC_Namespace)</DCC_Namespace>
			<VerInfo_Locale>1033</VerInfo_Locale>
			<Manifest_File>$(BDS)\bin\default_app.manifest</Manifest_File>
			<VerInfo_Keys>CompanyName=;FileDescription=;FileVersion=1.0.0.0;InternalName=;LegalCopyright=;LegalTrademarks=;OriginalFilename=;ProductName=;ProductVersion=1.0.0.0;Comments=</VerInfo_Keys>
		</PropertyGroup>
		<PropertyGroup Condition="'$(Cfg_1)'!=''">
			<DCC_Define>DEBUG;$(DCC_Define)</DCC_Define>
			<DCC_Optimize>false</DCC_Optimize>
			<DCC_GenerateStackFrames>true</DCC_GenerateStackFrames>
			<DCC_DebugInfoInExe>true</DCC_DebugInfoInExe>
			<DCC_RemoteDebug>true</DCC_RemoteDebug>
		</PropertyGroup>
		<PropertyGroup Condition="'$(Cfg_1_Win32)'!=''">
			<VerInfo_IncludeVerInfo>true</VerInfo_IncludeVerInfo>
			<VerInfo_Locale>1033</VerInfo_Locale>
			<DCC_RemoteDebug>false</DCC_RemoteDebug>
		</PropertyGroup>
		<PropertyGroup Condition="'$(Cfg_2)'!=''">
			<DCC_LocalDebugSymbols>false</DCC_LocalDebugSymbols>
			<DCC_Define>RELEASE;$(DCC_Define)</DCC_Define>
			<DCC_SymbolReferenceInfo>0</DCC_SymbolReferenceInfo>
			<DCC_DebugInformation>false</DCC_DebugInformation>
		</PropertyGroup>
		<ItemGroup>
			<DelphiCompile Include="$(MainSource)">
				<MainSource>MainSource</MainSource>
			</DelphiCompile>
			<DCCReference Include="about.pas">
				<Form>AboutBox</Form>
			</DCCReference>
			<DCCReference Include="CalendarPicker.pas">
				<Form>frmCalendarPicker</Form>
			</DCCReference>
			<DCCReference Include="ChangeGridColors.pas">
				<Form>frmGridColorPicker</Form>
			</DCCReference>
			<DCCReference Include="Charts.pas">
				<Form>frmCharts</Form>
			</DCCReference>
			<DCCReference Include="CreateAForm.pas"/>
			<DCCReference Include="DatabaseConnections.pas"/>
			<DCCReference Include="DBOptions.pas">
				<Form>frmDBOptions</Form>
			</DCCReference>
			<DCCReference Include="DBViewGrid.pas">
				<Form>frmDBGridView</Form>
			</DCCReference>
			<DCCReference Include="DiaryEntry.pas">
				<Form>frmDiaryEntry</Form>
			</DCCReference>
			<DCCReference Include="DiaryView.pas">
				<Form>frmDiaryView</Form>
			</DCCReference>
			<DCCReference Include="DrawGridViewer.pas">
				<Form>frmDrawGridViewer</Form>
			</DCCReference>
			<DCCReference Include="EnterSchedules.pas">
				<Form>frmEnterSchedules</Form>
			</DCCReference>
			<DCCReference Include="EnterUserDetails.pas">
				<Form>frmUserDetails</Form>
			</DCCReference>
			<DCCReference Include="LoginForm.pas">
				<Form>frmLogin</Form>
			</DCCReference>
			<DCCReference Include="MAIN.PAS">
				<Form>MainForm</Form>
			</DCCReference>
			<DCCReference Include="myDatabaseClass_II.pas"/>
			<DCCReference Include="Output.pas">
				<Form>frmOutput</Form>
			</DCCReference>
			<DCCReference Include="SaveDialog.pas">
				<Form>frmSaveDialog</Form>
			</DCCReference>
			<DCCReference Include="Settings.pas">
				<Form>frmDatabaseOptions</Form>
			</DCCReference>
			<DCCReference Include="ViewGrid.pas">
				<Form>frmDBView</Form>
			</DCCReference>
			<DCCReference Include="ViewImages.pas">
				<Form>frmViewScreenShots</Form>
			</DCCReference>
			<DCCReference Include="xmlToDatabase.pas">
				<Form>frmXmlToDatabase</Form>
			</DCCReference>
			<DCCReference Include="SelectDiaryEntry.pas">
				<Form>frmSelectDiaryEntry</Form>
			</DCCReference>
			<None Include="ModelSupport_my_Delphi_Diary\default.txvpck"/>
			<None Include="ModelSupport_my_Delphi_Diary\Unit1\default.txaPackage"/>
			<None Include="ModelSupport_my_Delphi_Diary\DiaryEntry\default.txaPackage"/>
			<None Include="ModelSupport_my_Delphi_Diary\DatabaseConnections\default.txaPackage"/>
			<None Include="ModelSupport_my_Delphi_Diary\DatabaseConnections\default.txvpck"/>
			<None Include="ModelSupport_my_Delphi_Diary\ViewImages\default.txvpck"/>
			<None Include="ModelSupport_my_Delphi_Diary\DBViewGrid\default.txvpck"/>
			<None Include="ModelSupport_my_Delphi_Diary\EnterSchedules\default.txvpck"/>
			<None Include="ModelSupport_my_Delphi_Diary\myDatabaseClass_II\default.txvpck"/>
			<None Include="ModelSupport_my_Delphi_Diary\xmlToDatabase\default.txvpck"/>
			<None Include="ModelSupport_my_Delphi_Diary\Settings\default.txvpck"/>
			<None Include="ModelSupport_my_Delphi_Diary\Output\default.txvpck"/>
			<None Include="ModelSupport_my_Delphi_Diary\MAIN\default.txvpck"/>
			<None Include="ModelSupport_my_Delphi_Diary\SaveDialog\default.txvpck"/>
			<None Include="ModelSupport_my_Delphi_Diary\LoginForm\default.txvpck"/>
			<None Include="ModelSupport_my_Delphi_Diary\ViewGrid\default.txvpck"/>
			<None Include="ModelSupport_my_Delphi_Diary\ChangeGridColors\default.txvpck"/>
			<None Include="ModelSupport_my_Delphi_Diary\CalendarPicker\default.txvpck"/>
			<None Include="ModelSupport_my_Delphi_Diary\Charts\default.txvpck"/>
			<None Include="ModelSupport_my_Delphi_Diary\about\default.txvpck"/>
			<None Include="ModelSupport_my_Delphi_Diary\EntrySelection\default.txvpck"/>
			<None Include="ModelSupport_my_Delphi_Diary\DBOptions\default.txvpck"/>
			<None Include="ModelSupport_my_Delphi_Diary\CreateAForm\default.txvpck"/>
			<None Include="ModelSupport_my_Delphi_Diary\my_Delphi_Diary\default.txvpck"/>
			<None Include="ModelSupport_my_Delphi_Diary\DiaryView\default.txvpck"/>
			<None Include="ModelSupport_my_Delphi_Diary\EnterUserDetails\default.txvpck"/>
			<None Include="ModelSupport_my_Delphi_Diary\DrawGridViewer\default.txvpck"/>
			<None Include="ModelSupport_my_Delphi_Diary\DiaryEntry\default.txvpck"/>
			<None Include="ModelSupport_my_Delphi_Diary\myDatabaseClass_II\default.txaPackage"/>
			<None Include="ModelSupport_my_Delphi_Diary\Unit1\default.txvpck"/>
			<None Include="ModelSupport_my_Delphi_Diary_v1_0\default.txaPackage"/>
			<None Include="ModelSupport_my_Delphi_Diary_v1_0\default.txvpck"/>
			<None Include="ModelSupport_my_Delphi_Diary_v1_0\SaveDialog\default.txvpck"/>
			<None Include="ModelSupport_my_Delphi_Diary_v1_0\DatabaseConnections\default.txvpck"/>
			<None Include="ModelSupport_my_Delphi_Diary_v1_0\DiaryEntry\default.txvpck"/>
			<None Include="ModelSupport_my_Delphi_Diary_v1_0\DiaryView\default.txvpck"/>
			<None Include="ModelSupport_my_Delphi_Diary_v1_0\Output\default.txvpck"/>
			<None Include="ModelSupport_my_Delphi_Diary_v1_0\CalendarPicker\default.txvpck"/>
			<None Include="ModelSupport_my_Delphi_Diary_v1_0\DBOptions\default.txvpck"/>
			<None Include="ModelSupport_my_Delphi_Diary_v1_0\Charts\default.txvpck"/>
			<None Include="ModelSupport_my_Delphi_Diary_v1_0\ChangeGridColors\default.txvpck"/>
			<None Include="ModelSupport_my_Delphi_Diary_v1_0\EntrySelection\default.txvpck"/>
			<None Include="ModelSupport_my_Delphi_Diary_v1_0\CreateAForm\default.txvpck"/>
			<None Include="ModelSupport_my_Delphi_Diary_v1_0\MAIN\default.txvpck"/>
			<None Include="ModelSupport_my_Delphi_Diary_v1_0\EnterSchedules\default.txvpck"/>
			<None Include="ModelSupport_my_Delphi_Diary_v1_0\xmlToDatabase\default.txvpck"/>
			<None Include="ModelSupport_my_Delphi_Diary_v1_0\DBViewGrid\default.txvpck"/>
			<None Include="ModelSupport_my_Delphi_Diary_v1_0\DrawGridViewer\default.txvpck"/>
			<None Include="ModelSupport_my_Delphi_Diary_v1_0\EnterUserDetails\default.txvpck"/>
			<None Include="ModelSupport_my_Delphi_Diary_v1_0\ViewImages\default.txvpck"/>
			<None Include="ModelSupport_my_Delphi_Diary_v1_0\about\default.txvpck"/>
			<None Include="ModelSupport_my_Delphi_Diary_v1_0\LoginForm\default.txvpck"/>
			<None Include="ModelSupport_my_Delphi_Diary_v1_0\my_Delphi_Diary_v1_0\default.txvpck"/>
			<None Include="ModelSupport_my_Delphi_Diary_v1_0\ViewGrid\default.txvpck"/>
			<None Include="ModelSupport_my_Delphi_Diary_v1_0\Settings\default.txvpck"/>
			<None Include="ModelSupport_my_Delphi_Diary_v1_0\SelectDiaryEntry\default.txvpck"/>
			<None Include="ModelSupport_my_Delphi_Diary_v1_0\myDatabaseClass_II\default.txvpck"/>
			<None Include="ModelSupport_my_Delphi_Diary_v1_0\Output\default.txaPackage"/>
			<None Include="ModelSupport_my_Delphi_Diary_v1_0\SaveDialog\default.txaPackage"/>
			<None Include="ModelSupport_my_Delphi_Diary_v1_0\CalendarPicker\default.txaPackage"/>
			<None Include="ModelSupport_my_Delphi_Diary_v1_0\Settings\default.txaPackage"/>
			<None Include="ModelSupport_my_Delphi_Diary_v1_0\MAIN\default.txaPackage"/>
			<None Include="ModelSupport_my_Delphi_Diary_v1_0\CreateAForm\default.txaPackage"/>
			<None Include="ModelSupport_my_Delphi_Diary_v1_0\DiaryEntry\default.txaPackage"/>
			<None Include="ModelSupport_my_Delphi_Diary_v1_0\Charts\default.txaPackage"/>
			<None Include="ModelSupport_my_Delphi_Diary_v1_0\about\default.txaPackage"/>
			<None Include="ModelSupport_my_Delphi_Diary_v1_0\LoginForm\default.txaPackage"/>
			<None Include="ModelSupport_my_Delphi_Diary_v1_0\EnterUserDetails\default.txaPackage"/>
			<None Include="ModelSupport_my_Delphi_Diary_v1_0\DrawGridViewer\default.txaPackage"/>
			<None Include="ModelSupport_my_Delphi_Diary_v1_0\ViewImages\default.txaPackage"/>
			<None Include="ModelSupport_my_Delphi_Diary_v1_0\EntrySelection\default.txaPackage"/>
			<None Include="ModelSupport_my_Delphi_Diary_v1_0\ChangeGridColors\default.txaPackage"/>
			<None Include="ModelSupport_my_Delphi_Diary_v1_0\ViewGrid\default.txaPackage"/>
			<None Include="ModelSupport_my_Delphi_Diary_v1_0\EnterSchedules\default.txaPackage"/>
			<None Include="ModelSupport_my_Delphi_Diary_v1_0\DBOptions\default.txaPackage"/>
			<None Include="ModelSupport_my_Delphi_Diary_v1_0\my_Delphi_Diary_v1_0\default.txaPackage"/>
			<None Include="ModelSupport_my_Delphi_Diary_v1_0\myDatabaseClass_II\default.txaPackage"/>
			<None Include="ModelSupport_my_Delphi_Diary_v1_0\SelectDiaryEntry\default.txaPackage"/>
			<None Include="ModelSupport_my_Delphi_Diary_v1_0\DatabaseConnections\default.txaPackage"/>
			<None Include="ModelSupport_my_Delphi_Diary_v1_0\DiaryView\default.txaPackage"/>
			<None Include="ModelSupport_my_Delphi_Diary_v1_0\xmlToDatabase\default.txaPackage"/>
			<None Include="ModelSupport_my_Delphi_Diary_v1_0\DBViewGrid\default.txaPackage"/>
			<BuildConfiguration Include="Release">
				<Key>Cfg_2</Key>
				<CfgParent>Base</CfgParent>
			</BuildConfiguration>
			<BuildConfiguration Include="Base">
				<Key>Base</Key>
			</BuildConfiguration>
			<BuildConfiguration Include="Debug">
				<Key>Cfg_1</Key>
				<CfgParent>Base</CfgParent>
			</BuildConfiguration>
		</ItemGroup>
		<ProjectExtensions>
			<Borland.Personality>Delphi.Personality.12</Borland.Personality>
			<Borland.ProjectType/>
			<BorlandProject>
				<Delphi.Personality>
					<VersionInfo>
						<VersionInfo Name="IncludeVerInfo">False</VersionInfo>
						<VersionInfo Name="AutoIncBuild">False</VersionInfo>
						<VersionInfo Name="MajorVer">1</VersionInfo>
						<VersionInfo Name="MinorVer">0</VersionInfo>
						<VersionInfo Name="Release">0</VersionInfo>
						<VersionInfo Name="Build">0</VersionInfo>
						<VersionInfo Name="Debug">False</VersionInfo>
						<VersionInfo Name="PreRelease">False</VersionInfo>
						<VersionInfo Name="Special">False</VersionInfo>
						<VersionInfo Name="Private">False</VersionInfo>
						<VersionInfo Name="DLL">False</VersionInfo>
						<VersionInfo Name="Locale">2057</VersionInfo>
						<VersionInfo Name="CodePage">1252</VersionInfo>
					</VersionInfo>
					<VersionInfoKeys>
						<VersionInfoKeys Name="CompanyName"/>
						<VersionInfoKeys Name="FileDescription"/>
						<VersionInfoKeys Name="FileVersion">1.0.0.0</VersionInfoKeys>
						<VersionInfoKeys Name="InternalName"/>
						<VersionInfoKeys Name="LegalCopyright"/>
						<VersionInfoKeys Name="LegalTrademarks"/>
						<VersionInfoKeys Name="OriginalFilename"/>
						<VersionInfoKeys Name="ProductName"/>
						<VersionInfoKeys Name="ProductVersion">1.0.0.0</VersionInfoKeys>
						<VersionInfoKeys Name="Comments"/>
					</VersionInfoKeys>
					<Source>
						<Source Name="MainSource">my_Delphi_Diary_v1_0.dpr</Source>
					</Source>
					<Excluded_Packages>
						<Excluded_Packages Name="$(BDSBIN)\bcboffice2k160.bpl">Embarcadero C++Builder Office 2000 Servers Package</Excluded_Packages>
						<Excluded_Packages Name="$(BDSBIN)\bcbofficexp160.bpl">Embarcadero C++Builder Office XP Servers Package</Excluded_Packages>
						<Excluded_Packages Name="$(BDSBIN)\dcloffice2k160.bpl">Microsoft Office 2000 Sample Automation Server Wrapper Components</Excluded_Packages>
						<Excluded_Packages Name="$(BDSBIN)\dclofficexp160.bpl">Microsoft Office XP Sample Automation Server Wrapper Components</Excluded_Packages>
					</Excluded_Packages>
				</Delphi.Personality>
				<Deployment/>
				<Platforms>
					<Platform value="Win64">False</Platform>
					<Platform value="Win32">True</Platform>
				</Platforms>
				<ModelSupport>True</ModelSupport>
			</BorlandProject>
			<ProjectFileVersion>12</ProjectFileVersion>
		</ProjectExtensions>
		<Import Condition="Exists('$(BDS)\Bin\CodeGear.Delphi.Targets')" Project="$(BDS)\Bin\CodeGear.Delphi.Targets"/>
		<Import Condition="Exists('$(APPDATA)\Embarcadero\$(BDSAPPDATABASEDIR)\$(PRODUCTVERSION)\UserTools.proj')" Project="$(APPDATA)\Embarcadero\$(BDSAPPDATABASEDIR)\$(PRODUCTVERSION)\UserTools.proj"/>
	</Project>
